// !$*UTF8*$!
{
	archiveVersion = 1;
	classes = {
	};
	objectVersion = 46;
	objects = {

/* Begin PBXBuildFile section */
		13737A641950A4AC00D8FBAF /* main.m in Sources */ = {isa = PBXBuildFile; fileRef = 13737A631950A4AC00D8FBAF /* main.m */; };
		13737A671950A4AC00D8FBAF /* AppDelegate.m in Sources */ = {isa = PBXBuildFile; fileRef = 13737A661950A4AC00D8FBAF /* AppDelegate.m */; };
		13737A6A1950A4AD00D8FBAF /* ViewController.m in Sources */ = {isa = PBXBuildFile; fileRef = 13737A691950A4AD00D8FBAF /* ViewController.m */; };
		13737A6D1950A4AD00D8FBAF /* Main.storyboard in Resources */ = {isa = PBXBuildFile; fileRef = 13737A6B1950A4AD00D8FBAF /* Main.storyboard */; };
		13737A6F1950A4AD00D8FBAF /* Images.xcassets in Resources */ = {isa = PBXBuildFile; fileRef = 13737A6E1950A4AD00D8FBAF /* Images.xcassets */; };
		13737A7B1950A4AD00D8FBAF /* ShapesTests.m in Sources */ = {isa = PBXBuildFile; fileRef = 13737A7A1950A4AD00D8FBAF /* ShapesTests.m */; };
		13737A851950A4E800D8FBAF /* CoreGraphics.framework in Frameworks */ = {isa = PBXBuildFile; fileRef = 13737A841950A4E800D8FBAF /* CoreGraphics.framework */; };
		13737A871950A4ED00D8FBAF /* QuartzCore.framework in Frameworks */ = {isa = PBXBuildFile; fileRef = 13737A861950A4ED00D8FBAF /* QuartzCore.framework */; };
/* End PBXBuildFile section */

/* Begin PBXContainerItemProxy section */
		13737A751950A4AD00D8FBAF /* PBXContainerItemProxy */ = {
			isa = PBXContainerItemProxy;
			containerPortal = 13737A561950A4AC00D8FBAF /* Project object */;
			proxyType = 1;
			remoteGlobalIDString = 13737A5D1950A4AC00D8FBAF;
			remoteInfo = Shapes;
		};
/* End PBXContainerItemProxy section */

/* Begin PBXFileReference section */
		13737A5E1950A4AC00D8FBAF /* Shapes.app */ = {isa = PBXFileReference; explicitFileType = wrapper.application; includeInIndex = 0; path = Shapes.app; sourceTree = BUILT_PRODUCTS_DIR; };
		13737A621950A4AC00D8FBAF /* Info.plist */ = {isa = PBXFileReference; lastKnownFileType = text.plist.xml; path = Info.plist; sourceTree = "<group>"; };
		13737A631950A4AC00D8FBAF /* main.m */ = {isa = PBXFileReference; lastKnownFileType = sourcecode.c.objc; path = main.m; sourceTree = "<group>"; };
		13737A651950A4AC00D8FBAF /* AppDelegate.h */ = {isa = PBXFileReference; lastKnownFileType = sourcecode.c.h; path = AppDelegate.h; sourceTree = "<group>"; };
		13737A661950A4AC00D8FBAF /* AppDelegate.m */ = {isa = PBXFileReference; lastKnownFileType = sourcecode.c.objc; path = AppDelegate.m; sourceTree = "<group>"; };
		13737A681950A4AC00D8FBAF /* ViewController.h */ = {isa = PBXFileReference; lastKnownFileType = sourcecode.c.h; path = ViewController.h; sourceTree = "<group>"; };
		13737A691950A4AD00D8FBAF /* ViewController.m */ = {isa = PBXFileReference; lastKnownFileType = sourcecode.c.objc; path = ViewController.m; sourceTree = "<group>"; };
		13737A6C1950A4AD00D8FBAF /* Base */ = {isa = PBXFileReference; lastKnownFileType = file.storyboard; name = Base; path = Base.lproj/Main.storyboard; sourceTree = "<group>"; };
		13737A6E1950A4AD00D8FBAF /* Images.xcassets */ = {isa = PBXFileReference; lastKnownFileType = folder.assetcatalog; path = Images.xcassets; sourceTree = "<group>"; };
		13737A741950A4AD00D8FBAF /* ShapesTests.xctest */ = {isa = PBXFileReference; explicitFileType = wrapper.cfbundle; includeInIndex = 0; path = ShapesTests.xctest; sourceTree = BUILT_PRODUCTS_DIR; };
		13737A791950A4AD00D8FBAF /* Info.plist */ = {isa = PBXFileReference; lastKnownFileType = text.plist.xml; path = Info.plist; sourceTree = "<group>"; };
		13737A7A1950A4AD00D8FBAF /* ShapesTests.m */ = {isa = PBXFileReference; lastKnownFileType = sourcecode.c.objc; path = ShapesTests.m; sourceTree = "<group>"; };
		13737A841950A4E800D8FBAF /* CoreGraphics.framework */ = {isa = PBXFileReference; lastKnownFileType = wrapper.framework; name = CoreGraphics.framework; path = System/Library/Frameworks/CoreGraphics.framework; sourceTree = SDKROOT; };
		13737A861950A4ED00D8FBAF /* QuartzCore.framework */ = {isa = PBXFileReference; lastKnownFileType = wrapper.framework; name = QuartzCore.framework; path = System/Library/Frameworks/QuartzCore.framework; sourceTree = SDKROOT; };
/* End PBXFileReference section */

/* Begin PBXFrameworksBuildPhase section */
		13737A5B1950A4AC00D8FBAF /* Frameworks */ = {
			isa = PBXFrameworksBuildPhase;
			buildActionMask = 2147483647;
			files = (
				13737A871950A4ED00D8FBAF /* QuartzCore.framework in Frameworks */,
				13737A851950A4E800D8FBAF /* CoreGraphics.framework in Frameworks */,
			);
			runOnlyForDeploymentPostprocessing = 0;
		};
		13737A711950A4AD00D8FBAF /* Frameworks */ = {
			isa = PBXFrameworksBuildPhase;
			buildActionMask = 2147483647;
			files = (
			);
			runOnlyForDeploymentPostprocessing = 0;
		};
/* End PBXFrameworksBuildPhase section */

/* Begin PBXGroup section */
		13737A551950A4AC00D8FBAF = {
			isa = PBXGroup;
			children = (
				13737A861950A4ED00D8FBAF /* QuartzCore.framework */,
				13737A841950A4E800D8FBAF /* CoreGraphics.framework */,
				13737A601950A4AC00D8FBAF /* Shapes */,
				13737A771950A4AD00D8FBAF /* ShapesTests */,
				13737A5F1950A4AC00D8FBAF /* Products */,
			);
			sourceTree = "<group>";
		};
		13737A5F1950A4AC00D8FBAF /* Products */ = {
			isa = PBXGroup;
			children = (
				13737A5E1950A4AC00D8FBAF /* Shapes.app */,
				13737A741950A4AD00D8FBAF /* ShapesTests.xctest */,
			);
			name = Products;
			sourceTree = "<group>";
		};
		13737A601950A4AC00D8FBAF /* Shapes */ = {
			isa = PBXGroup;
			children = (
				13737A651950A4AC00D8FBAF /* AppDelegate.h */,
				13737A661950A4AC00D8FBAF /* AppDelegate.m */,
				13737A681950A4AC00D8FBAF /* ViewController.h */,
				13737A691950A4AD00D8FBAF /* ViewController.m */,
				13737A6B1950A4AD00D8FBAF /* Main.storyboard */,
				13737A6E1950A4AD00D8FBAF /* Images.xcassets */,
				13737A611950A4AC00D8FBAF /* Supporting Files */,
			);
			path = Shapes;
			sourceTree = "<group>";
		};
		13737A611950A4AC00D8FBAF /* Supporting Files */ = {
			isa = PBXGroup;
			children = (
				13737A621950A4AC00D8FBAF /* Info.plist */,
				13737A631950A4AC00D8FBAF /* main.m */,
			);
			name = "Supporting Files";
			sourceTree = "<group>";
		};
		13737A771950A4AD00D8FBAF /* ShapesTests */ = {
			isa = PBXGroup;
			children = (
				13737A7A1950A4AD00D8FBAF /* ShapesTests.m */,
				13737A781950A4AD00D8FBAF /* Supporting Files */,
			);
			path = ShapesTests;
			sourceTree = "<group>";
		};
		13737A781950A4AD00D8FBAF /* Supporting Files */ = {
			isa = PBXGroup;
			children = (
				13737A791950A4AD00D8FBAF /* Info.plist */,
			);
			name = "Supporting Files";
			sourceTree = "<group>";
		};
/* End PBXGroup section */

/* Begin PBXNativeTarget section */
		13737A5D1950A4AC00D8FBAF /* Shapes */ = {
			isa = PBXNativeTarget;
			buildConfigurationList = 13737A7E1950A4AD00D8FBAF /* Build configuration list for PBXNativeTarget "Shapes" */;
			buildPhases = (
				13737A5A1950A4AC00D8FBAF /* Sources */,
				13737A5B1950A4AC00D8FBAF /* Frameworks */,
				13737A5C1950A4AC00D8FBAF /* Resources */,
			);
			buildRules = (
			);
			dependencies = (
			);
			name = Shapes;
			productName = Shapes;
			productReference = 13737A5E1950A4AC00D8FBAF /* Shapes.app */;
			productType = "com.apple.product-type.application";
		};
		13737A731950A4AD00D8FBAF /* ShapesTests */ = {
			isa = PBXNativeTarget;
			buildConfigurationList = 13737A811950A4AD00D8FBAF /* Build configuration list for PBXNativeTarget "ShapesTests" */;
			buildPhases = (
				13737A701950A4AD00D8FBAF /* Sources */,
				13737A711950A4AD00D8FBAF /* Frameworks */,
				13737A721950A4AD00D8FBAF /* Resources */,
			);
			buildRules = (
			);
			dependencies = (
				13737A761950A4AD00D8FBAF /* PBXTargetDependency */,
			);
			name = ShapesTests;
			productName = ShapesTests;
			productReference = 13737A741950A4AD00D8FBAF /* ShapesTests.xctest */;
			productType = "com.apple.product-type.bundle.unit-test";
		};
/* End PBXNativeTarget section */

/* Begin PBXProject section */
		13737A561950A4AC00D8FBAF /* Project object */ = {
			isa = PBXProject;
			attributes = {
				LastUpgradeCheck = 0600;
				ORGANIZATIONNAME = "Ricardo Reyes";
				TargetAttributes = {
					13737A5D1950A4AC00D8FBAF = {
						CreatedOnToolsVersion = 6.0;
					};
					13737A731950A4AD00D8FBAF = {
						CreatedOnToolsVersion = 6.0;
						TestTargetID = 13737A5D1950A4AC00D8FBAF;
					};
				};
			};
			buildConfigurationList = 13737A591950A4AC00D8FBAF /* Build configuration list for PBXProject "Shapes" */;
			compatibilityVersion = "Xcode 3.2";
			developmentRegion = English;
			hasScannedForEncodings = 0;
			knownRegions = (
				en,
				Base,
			);
			mainGroup = 13737A551950A4AC00D8FBAF;
			productRefGroup = 13737A5F1950A4AC00D8FBAF /* Products */;
			projectDirPath = "";
			projectRoot = "";
			targets = (
				13737A5D1950A4AC00D8FBAF /* Shapes */,
				13737A731950A4AD00D8FBAF /* ShapesTests */,
			);
		};
/* End PBXProject section */

/* Begin PBXResourcesBuildPhase section */
		13737A5C1950A4AC00D8FBAF /* Resources */ = {
			isa = PBXResourcesBuildPhase;
			buildActionMask = 2147483647;
			files = (
				13737A6D1950A4AD00D8FBAF /* Main.storyboard in Resources */,
				13737A6F1950A4AD00D8FBAF /* Images.xcassets in Resources */,
			);
			runOnlyForDeploymentPostprocessing = 0;
		};
		13737A721950A4AD00D8FBAF /* Resources */ = {
			isa = PBXResourcesBuildPhase;
			buildActionMask = 2147483647;
			files = (
			);
			runOnlyForDeploymentPostprocessing = 0;
		};
/* End PBXResourcesBuildPhase section */

/* Begin PBXSourcesBuildPhase section */
		13737A5A1950A4AC00D8FBAF /* Sources */ = {
			isa = PBXSourcesBuildPhase;
			buildActionMask = 2147483647;
			files = (
				13737A6A1950A4AD00D8FBAF /* ViewController.m in Sources */,
				13737A671950A4AC00D8FBAF /* AppDelegate.m in Sources */,
				13737A641950A4AC00D8FBAF /* main.m in Sources */,
			);
			runOnlyForDeploymentPostprocessing = 0;
		};
		13737A701950A4AD00D8FBAF /* Sources */ = {
			isa = PBXSourcesBuildPhase;
			buildActionMask = 2147483647;
			files = (
				13737A7B1950A4AD00D8FBAF /* ShapesTests.m in Sources */,
			);
			runOnlyForDeploymentPostprocessing = 0;
		};
/* End PBXSourcesBuildPhase section */

/* Begin PBXTargetDependency section */
		13737A761950A4AD00D8FBAF /* PBXTargetDependency */ = {
			isa = PBXTargetDependency;
			target = 13737A5D1950A4AC00D8FBAF /* Shapes */;
			targetProxy = 13737A751950A4AD00D8FBAF /* PBXContainerItemProxy */;
		};
/* End PBXTargetDependency section */

/* Begin PBXVariantGroup section */
		13737A6B1950A4AD00D8FBAF /* Main.storyboard */ = {
			isa = PBXVariantGroup;
			children = (
				13737A6C1950A4AD00D8FBAF /* Base */,
			);
			name = Main.storyboard;
			sourceTree = "<group>";
		};
/* End PBXVariantGroup section */

/* Begin XCBuildConfiguration section */
		13737A7C1950A4AD00D8FBAF /* Debug */ = {
			isa = XCBuildConfiguration;
			buildSettings = {
				ALWAYS_SEARCH_USER_PATHS = NO;
				CLANG_CXX_LANGUAGE_STANDARD = "gnu++0x";
				CLANG_CXX_LIBRARY = "libc++";
				CLANG_ENABLE_MODULES = YES;
				CLANG_ENABLE_OBJC_ARC = YES;
				CLANG_WARN_BOOL_CONVERSION = YES;
				CLANG_WARN_CONSTANT_CONVERSION = YES;
				CLANG_WARN_DIRECT_OBJC_ISA_USAGE = YES_ERROR;
				CLANG_WARN_EMPTY_BODY = YES;
				CLANG_WARN_ENUM_CONVERSION = YES;
				CLANG_WARN_INT_CONVERSION = YES;
				CLANG_WARN_OBJC_ROOT_CLASS = YES_ERROR;
				CLANG_WARN_UNREACHABLE_CODE = YES;
				CLANG_WARN__DUPLICATE_METHOD_MATCH = YES;
				"CODE_SIGN_IDENTITY[sdk=iphoneos*]" = "iPhone Developer";
				COPY_PHASE_STRIP = NO;
				ENABLE_STRICT_OBJC_MSGSEND = YES;
				GCC_C_LANGUAGE_STANDARD = gnu99;
				GCC_DYNAMIC_NO_PIC = NO;
				GCC_OPTIMIZATION_LEVEL = 0;
				GCC_PREPROCESSOR_DEFINITIONS = (
					"DEBUG=1",
					"$(inherited)",
				);
				GCC_SYMBOLS_PRIVATE_EXTERN = NO;
				GCC_WARN_64_TO_32_BIT_CONVERSION = YES;
				GCC_WARN_ABOUT_RETURN_TYPE = YES_ERROR;
				GCC_WARN_UNDECLARED_SELECTOR = YES;
				GCC_WARN_UNINITIALIZED_AUTOS = YES_AGGRESSIVE;
				GCC_WARN_UNUSED_FUNCTION = YES;
				GCC_WARN_UNUSED_VARIABLE = YES;
				IPHONEOS_DEPLOYMENT_TARGET = 8.0;
				METAL_ENABLE_DEBUG_INFO = YES;
				ONLY_ACTIVE_ARCH = YES;
				SDKROOT = iphoneos;
			};
			name = Debug;
		};
		13737A7D1950A4AD00D8FBAF /* Release */ = {
			isa = XCBuildConfiguration;
			buildSettings = {
				ALWAYS_SEARCH_USER_PATHS = NO;
				CLANG_CXX_LANGUAGE_STANDARD = "gnu++0x";
				CLANG_CXX_LIBRARY = "libc++";
				CLANG_ENABLE_MODULES = YES;
				CLANG_ENABLE_OBJC_ARC = YES;
				CLANG_WARN_BOOL_CONVERSION = YES;
				CLANG_WARN_CONSTANT_CONVERSION = YES;
				CLANG_WARN_DIRECT_OBJC_ISA_USAGE = YES_ERROR;
				CLANG_WARN_EMPTY_BODY = YES;
				CLANG_WARN_ENUM_CONVERSION = YES;
				CLANG_WARN_INT_CONVERSION = YES;
				CLANG_WARN_OBJC_ROOT_CLASS = YES_ERROR;
				CLANG_WARN_UNREACHABLE_CODE = YES;
				CLANG_WARN__DUPLICATE_METHOD_MATCH = YES;
				"CODE_SIGN_IDENTITY[sdk=iphoneos*]" = "iPhone Developer";
				COPY_PHASE_STRIP = YES;
				ENABLE_NS_ASSERTIONS = NO;
				ENABLE_STRICT_OBJC_MSGSEND = YES;
				GCC_C_LANGUAGE_STANDARD = gnu99;
				GCC_WARN_64_TO_32_BIT_CONVERSION = YES;
				GCC_WARN_ABOUT_RETURN_TYPE = YES_ERROR;
				GCC_WARN_UNDECLARED_SELECTOR = YES;
				GCC_WARN_UNINITIALIZED_AUTOS = YES_AGGRESSIVE;
				GCC_WARN_UNUSED_FUNCTION = YES;
				GCC_WARN_UNUSED_VARIABLE = YES;
				IPHONEOS_DEPLOYMENT_TARGET = 8.0;
				METAL_ENABLE_DEBUG_INFO = NO;
				SDKROOT = iphoneos;
				VALIDATE_PRODUCT = YES;
			};
			name = Release;
		};
		13737A7F1950A4AD00D8FBAF /* Debug */ = {
			isa = XCBuildConfiguration;
			buildSettings = {
				ASSETCATALOG_COMPILER_APPICON_NAME = AppIcon;
				ASSETCATALOG_COMPILER_LAUNCHIMAGE_NAME = LaunchImage;
				INFOPLIST_FILE = Shapes/Info.plist;
				LD_RUNPATH_SEARCH_PATHS = "$(inherited) @executable_path/Frameworks";
				PRODUCT_NAME = "$(TARGET_NAME)";
			};
			name = Debug;
		};
		13737A801950A4AD00D8FBAF /* Release */ = {
			isa = XCBuildConfiguration;
			buildSettings = {
				ASSETCATALOG_COMPILER_APPICON_NAME = AppIcon;
				ASSETCATALOG_COMPILER_LAUNCHIMAGE_NAME = LaunchImage;
				INFOPLIST_FILE = Shapes/Info.plist;
				LD_RUNPATH_SEARCH_PATHS = "$(inherited) @executable_path/Frameworks";
				PRODUCT_NAME = "$(TARGET_NAME)";
			};
			name = Release;
		};
		13737A821950A4AD00D8FBAF /* Debug */ = {
			isa = XCBuildConfiguration;
			buildSettings = {
				BUNDLE_LOADER = "$(BUILT_PRODUCTS_DIR)/Shapes.app/Shapes";
				FRAMEWORK_SEARCH_PATHS = (
					"$(SDKROOT)/Developer/Library/Frameworks",
					"$(inherited)",
				);
				GCC_PREPROCESSOR_DEFINITIONS = (
					"DEBUG=1",
					"$(inherited)",
				);
				INFOPLIST_FILE = ShapesTests/Info.plist;
				LD_RUNPATH_SEARCH_PATHS = "$(inherited) @executable_path/Frameworks @loader_path/Frameworks";
				METAL_ENABLE_DEBUG_INFO = YES;
				PRODUCT_NAME = "$(TARGET_NAME)";
				TEST_HOST = "$(BUNDLE_LOADER)";
			};
			name = Debug;
		};
		13737A831950A4AD00D8FBAF /* Release */ = {
			isa = XCBuildConfiguration;
			buildSettings = {
				BUNDLE_LOADER = "$(BUILT_PRODUCTS_DIR)/Shapes.app/Shapes";
				FRAMEWORK_SEARCH_PATHS = (
					"$(SDKROOT)/Developer/Library/Frameworks",
					"$(inherited)",
				);
				INFOPLIST_FILE = ShapesTests/Info.plist;
				LD_RUNPATH_SEARCH_PATHS = "$(inherited) @executable_path/Frameworks @loader_path/Frameworks";
				METAL_ENABLE_DEBUG_INFO = NO;
				PRODUCT_NAME = "$(TARGET_NAME)";
				TEST_HOST = "$(BUNDLE_LOADER)";
			};
			name = Release;
		};
/* End XCBuildConfiguration section */

/* Begin XCConfigurationList section */
		13737A591950A4AC00D8FBAF /* Build configuration list for PBXProject "Shapes" */ = {
			isa = XCConfigurationList;
			buildConfigurations = (
				13737A7C1950A4AD00D8FBAF /* Debug */,
				13737A7D1950A4AD00D8FBAF /* Release */,
			);
			defaultConfigurationIsVisible = 0;
			defaultConfigurationName = Release;
		};
		13737A7E1950A4AD00D8FBAF /* Build configuration list for PBXNativeTarget "Shapes" */ = {
			isa = XCConfigurationList;
			buildConfigurations = (
				13737A7F1950A4AD00D8FBAF /* Debug */,
				13737A801950A4AD00D8FBAF /* Release */,
			);
			defaultConfigurationIsVisible = 0;
		};
		13737A811950A4AD00D8FBAF /* Build configuration list for PBXNativeTarget "ShapesTests" */ = {
			isa = XCConfigurationList;
			buildConfigurations = (
				13737A821950A4AD00D8FBAF /* Debug */,
				13737A831950A4AD00D8FBAF /* Release */,
			);
			defaultConfigurationIsVisible = 0;
		};
/* End XCConfigurationList section */
	};
	rootObject = 13737A561950A4AC00D8FBAF /* Project object */;
}
